// !$*UTF8*$!
{
	archiveVersion = 1;
	classes = {
	};
	objectVersion = 52;
	objects = {

/* Begin PBXBuildFile section */
		582ACDAC24BE8AA5008E357D /* AppDelegate.swift in Sources */ = {isa = PBXBuildFile; fileRef = 582ACDAB24BE8AA5008E357D /* AppDelegate.swift */; };
		582ACDAE24BE8AA5008E357D /* SceneDelegate.swift in Sources */ = {isa = PBXBuildFile; fileRef = 582ACDAD24BE8AA5008E357D /* SceneDelegate.swift */; };
		582ACDB224BE8AA9008E357D /* Assets.xcassets in Resources */ = {isa = PBXBuildFile; fileRef = 582ACDB124BE8AA9008E357D /* Assets.xcassets */; };
		582ACDB524BE8AA9008E357D /* Preview Assets.xcassets in Resources */ = {isa = PBXBuildFile; fileRef = 582ACDB424BE8AA9008E357D /* Preview Assets.xcassets */; };
		582ACDB824BE8AA9008E357D /* LaunchScreen.storyboard in Resources */ = {isa = PBXBuildFile; fileRef = 582ACDB624BE8AA9008E357D /* LaunchScreen.storyboard */; };
		582ACDC324BE8AA9008E357D /* MQTTpalTests.swift in Sources */ = {isa = PBXBuildFile; fileRef = 582ACDC224BE8AA9008E357D /* MQTTpalTests.swift */; };
		582ACDCE24BE8AAA008E357D /* MQTTpalUITests.swift in Sources */ = {isa = PBXBuildFile; fileRef = 582ACDCD24BE8AAA008E357D /* MQTTpalUITests.swift */; };
		582ACDDC24BE8C95008E357D /* ViewController.swift in Sources */ = {isa = PBXBuildFile; fileRef = 582ACDDB24BE8C95008E357D /* ViewController.swift */; };
		582ACDDF24BE8D6D008E357D /* SwiftMQTT in Frameworks */ = {isa = PBXBuildFile; productRef = 582ACDDE24BE8D6D008E357D /* SwiftMQTT */; };
/* End PBXBuildFile section */

/* Begin PBXContainerItemProxy section */
		582ACDBF24BE8AA9008E357D /* PBXContainerItemProxy */ = {
			isa = PBXContainerItemProxy;
			containerPortal = 582ACDA024BE8AA5008E357D /* Project object */;
			proxyType = 1;
			remoteGlobalIDString = 582ACDA724BE8AA5008E357D;
			remoteInfo = MQTTpal;
		};
		582ACDCA24BE8AAA008E357D /* PBXContainerItemProxy */ = {
			isa = PBXContainerItemProxy;
			containerPortal = 582ACDA024BE8AA5008E357D /* Project object */;
			proxyType = 1;
			remoteGlobalIDString = 582ACDA724BE8AA5008E357D;
			remoteInfo = MQTTpal;
		};
/* End PBXContainerItemProxy section */

/* Begin PBXFileReference section */
		582ACDA824BE8AA5008E357D /* MQTTpal.app */ = {isa = PBXFileReference; explicitFileType = wrapper.application; includeInIndex = 0; path = MQTTpal.app; sourceTree = BUILT_PRODUCTS_DIR; };
		582ACDAB24BE8AA5008E357D /* AppDelegate.swift */ = {isa = PBXFileReference; lastKnownFileType = sourcecode.swift; path = AppDelegate.swift; sourceTree = "<group>"; };
		582ACDAD24BE8AA5008E357D /* SceneDelegate.swift */ = {isa = PBXFileReference; lastKnownFileType = sourcecode.swift; path = SceneDelegate.swift; sourceTree = "<group>"; };
		582ACDB124BE8AA9008E357D /* Assets.xcassets */ = {isa = PBXFileReference; lastKnownFileType = folder.assetcatalog; path = Assets.xcassets; sourceTree = "<group>"; };
		582ACDB424BE8AA9008E357D /* Preview Assets.xcassets */ = {isa = PBXFileReference; lastKnownFileType = folder.assetcatalog; path = "Preview Assets.xcassets"; sourceTree = "<group>"; };
		582ACDB724BE8AA9008E357D /* Base */ = {isa = PBXFileReference; lastKnownFileType = file.storyboard; name = Base; path = Base.lproj/LaunchScreen.storyboard; sourceTree = "<group>"; };
		582ACDB924BE8AA9008E357D /* Info.plist */ = {isa = PBXFileReference; lastKnownFileType = text.plist.xml; path = Info.plist; sourceTree = "<group>"; };
		582ACDBE24BE8AA9008E357D /* MQTTpalTests.xctest */ = {isa = PBXFileReference; explicitFileType = wrapper.cfbundle; includeInIndex = 0; path = MQTTpalTests.xctest; sourceTree = BUILT_PRODUCTS_DIR; };
		582ACDC224BE8AA9008E357D /* MQTTpalTests.swift */ = {isa = PBXFileReference; lastKnownFileType = sourcecode.swift; path = MQTTpalTests.swift; sourceTree = "<group>"; };
		582ACDC424BE8AA9008E357D /* Info.plist */ = {isa = PBXFileReference; lastKnownFileType = text.plist.xml; path = Info.plist; sourceTree = "<group>"; };
		582ACDC924BE8AAA008E357D /* MQTTpalUITests.xctest */ = {isa = PBXFileReference; explicitFileType = wrapper.cfbundle; includeInIndex = 0; path = MQTTpalUITests.xctest; sourceTree = BUILT_PRODUCTS_DIR; };
		582ACDCD24BE8AAA008E357D /* MQTTpalUITests.swift */ = {isa = PBXFileReference; lastKnownFileType = sourcecode.swift; path = MQTTpalUITests.swift; sourceTree = "<group>"; };
		582ACDCF24BE8AAA008E357D /* Info.plist */ = {isa = PBXFileReference; lastKnownFileType = text.plist.xml; path = Info.plist; sourceTree = "<group>"; };
		582ACDDB24BE8C95008E357D /* ViewController.swift */ = {isa = PBXFileReference; fileEncoding = 4; lastKnownFileType = sourcecode.swift; path = ViewController.swift; sourceTree = "<group>"; };
/* End PBXFileReference section */

/* Begin PBXFrameworksBuildPhase section */
		582ACDA524BE8AA5008E357D /* Frameworks */ = {
			isa = PBXFrameworksBuildPhase;
			buildActionMask = 2147483647;
			files = (
				582ACDDF24BE8D6D008E357D /* SwiftMQTT in Frameworks */,
			);
			runOnlyForDeploymentPostprocessing = 0;
		};
		582ACDBB24BE8AA9008E357D /* Frameworks */ = {
			isa = PBXFrameworksBuildPhase;
			buildActionMask = 2147483647;
			files = (
			);
			runOnlyForDeploymentPostprocessing = 0;
		};
		582ACDC624BE8AAA008E357D /* Frameworks */ = {
			isa = PBXFrameworksBuildPhase;
			buildActionMask = 2147483647;
			files = (
			);
			runOnlyForDeploymentPostprocessing = 0;
		};
/* End PBXFrameworksBuildPhase section */

/* Begin PBXGroup section */
		582ACD9F24BE8AA5008E357D = {
			isa = PBXGroup;
			children = (
				582ACDAA24BE8AA5008E357D /* MQTTpal */,
				582ACDC124BE8AA9008E357D /* MQTTpalTests */,
				582ACDCC24BE8AAA008E357D /* MQTTpalUITests */,
				582ACDA924BE8AA5008E357D /* Products */,
			);
			sourceTree = "<group>";
		};
		582ACDA924BE8AA5008E357D /* Products */ = {
			isa = PBXGroup;
			children = (
				582ACDA824BE8AA5008E357D /* MQTTpal.app */,
				582ACDBE24BE8AA9008E357D /* MQTTpalTests.xctest */,
				582ACDC924BE8AAA008E357D /* MQTTpalUITests.xctest */,
			);
			name = Products;
			sourceTree = "<group>";
		};
		582ACDAA24BE8AA5008E357D /* MQTTpal */ = {
			isa = PBXGroup;
			children = (
				582ACDAB24BE8AA5008E357D /* AppDelegate.swift */,
				582ACDAD24BE8AA5008E357D /* SceneDelegate.swift */,
				582ACDDB24BE8C95008E357D /* ViewController.swift */,
				582ACDB124BE8AA9008E357D /* Assets.xcassets */,
				582ACDB624BE8AA9008E357D /* LaunchScreen.storyboard */,
				582ACDB924BE8AA9008E357D /* Info.plist */,
				582ACDB324BE8AA9008E357D /* Preview Content */,
			);
			path = MQTTpal;
			sourceTree = "<group>";
		};
		582ACDB324BE8AA9008E357D /* Preview Content */ = {
			isa = PBXGroup;
			children = (
				582ACDB424BE8AA9008E357D /* Preview Assets.xcassets */,
			);
			path = "Preview Content";
			sourceTree = "<group>";
		};
		582ACDC124BE8AA9008E357D /* MQTTpalTests */ = {
			isa = PBXGroup;
			children = (
				582ACDC224BE8AA9008E357D /* MQTTpalTests.swift */,
				582ACDC424BE8AA9008E357D /* Info.plist */,
			);
			path = MQTTpalTests;
			sourceTree = "<group>";
		};
		582ACDCC24BE8AAA008E357D /* MQTTpalUITests */ = {
			isa = PBXGroup;
			children = (
				582ACDCD24BE8AAA008E357D /* MQTTpalUITests.swift */,
				582ACDCF24BE8AAA008E357D /* Info.plist */,
			);
			path = MQTTpalUITests;
			sourceTree = "<group>";
		};
/* End PBXGroup section */

/* Begin PBXNativeTarget section */
		582ACDA724BE8AA5008E357D /* MQTTpal */ = {
			isa = PBXNativeTarget;
			buildConfigurationList = 582ACDD224BE8AAA008E357D /* Build configuration list for PBXNativeTarget "MQTTpal" */;
			buildPhases = (
				582ACDA424BE8AA5008E357D /* Sources */,
				582ACDA524BE8AA5008E357D /* Frameworks */,
				582ACDA624BE8AA5008E357D /* Resources */,
			);
			buildRules = (
			);
			dependencies = (
			);
			name = MQTTpal;
			packageProductDependencies = (
				582ACDDE24BE8D6D008E357D /* SwiftMQTT */,
			);
			productName = MQTTpal;
			productReference = 582ACDA824BE8AA5008E357D /* MQTTpal.app */;
			productType = "com.apple.product-type.application";
		};
		582ACDBD24BE8AA9008E357D /* MQTTpalTests */ = {
			isa = PBXNativeTarget;
			buildConfigurationList = 582ACDD524BE8AAA008E357D /* Build configuration list for PBXNativeTarget "MQTTpalTests" */;
			buildPhases = (
				582ACDBA24BE8AA9008E357D /* Sources */,
				582ACDBB24BE8AA9008E357D /* Frameworks */,
				582ACDBC24BE8AA9008E357D /* Resources */,
			);
			buildRules = (
			);
			dependencies = (
				582ACDC024BE8AA9008E357D /* PBXTargetDependency */,
			);
			name = MQTTpalTests;
			productName = MQTTpalTests;
			productReference = 582ACDBE24BE8AA9008E357D /* MQTTpalTests.xctest */;
			productType = "com.apple.product-type.bundle.unit-test";
		};
		582ACDC824BE8AAA008E357D /* MQTTpalUITests */ = {
			isa = PBXNativeTarget;
			buildConfigurationList = 582ACDD824BE8AAA008E357D /* Build configuration list for PBXNativeTarget "MQTTpalUITests" */;
			buildPhases = (
				582ACDC524BE8AAA008E357D /* Sources */,
				582ACDC624BE8AAA008E357D /* Frameworks */,
				582ACDC724BE8AAA008E357D /* Resources */,
			);
			buildRules = (
			);
			dependencies = (
				582ACDCB24BE8AAA008E357D /* PBXTargetDependency */,
			);
			name = MQTTpalUITests;
			productName = MQTTpalUITests;
			productReference = 582ACDC924BE8AAA008E357D /* MQTTpalUITests.xctest */;
			productType = "com.apple.product-type.bundle.ui-testing";
		};
/* End PBXNativeTarget section */

/* Begin PBXProject section */
		582ACDA024BE8AA5008E357D /* Project object */ = {
			isa = PBXProject;
			attributes = {
				LastSwiftUpdateCheck = 1150;
				LastUpgradeCheck = 1150;
				ORGANIZATIONNAME = "Jonathan Stark";
				TargetAttributes = {
					582ACDA724BE8AA5008E357D = {
						CreatedOnToolsVersion = 11.5;
					};
					582ACDBD24BE8AA9008E357D = {
						CreatedOnToolsVersion = 11.5;
						TestTargetID = 582ACDA724BE8AA5008E357D;
					};
					582ACDC824BE8AAA008E357D = {
						CreatedOnToolsVersion = 11.5;
						TestTargetID = 582ACDA724BE8AA5008E357D;
					};
				};
			};
			buildConfigurationList = 582ACDA324BE8AA5008E357D /* Build configuration list for PBXProject "MQTTpal" */;
			compatibilityVersion = "Xcode 9.3";
			developmentRegion = en;
			hasScannedForEncodings = 0;
			knownRegions = (
				en,
				Base,
			);
			mainGroup = 582ACD9F24BE8AA5008E357D;
			packageReferences = (
				582ACDDD24BE8D6D008E357D /* XCRemoteSwiftPackageReference "SwiftMQTT" */,
			);
			productRefGroup = 582ACDA924BE8AA5008E357D /* Products */;
			projectDirPath = "";
			projectRoot = "";
			targets = (
				582ACDA724BE8AA5008E357D /* MQTTpal */,
				582ACDBD24BE8AA9008E357D /* MQTTpalTests */,
				582ACDC824BE8AAA008E357D /* MQTTpalUITests */,
			);
		};
/* End PBXProject section */

/* Begin PBXResourcesBuildPhase section */
		582ACDA624BE8AA5008E357D /* Resources */ = {
			isa = PBXResourcesBuildPhase;
			buildActionMask = 2147483647;
			files = (
				582ACDB824BE8AA9008E357D /* LaunchScreen.storyboard in Resources */,
				582ACDB524BE8AA9008E357D /* Preview Assets.xcassets in Resources */,
				582ACDB224BE8AA9008E357D /* Assets.xcassets in Resources */,
			);
			runOnlyForDeploymentPostprocessing = 0;
		};
		582ACDBC24BE8AA9008E357D /* Resources */ = {
			isa = PBXResourcesBuildPhase;
			buildActionMask = 2147483647;
			files = (
			);
			runOnlyForDeploymentPostprocessing = 0;
		};
		582ACDC724BE8AAA008E357D /* Resources */ = {
			isa = PBXResourcesBuildPhase;
			buildActionMask = 2147483647;
			files = (
			);
			runOnlyForDeploymentPostprocessing = 0;
		};
/* End PBXResourcesBuildPhase section */

/* Begin PBXSourcesBuildPhase section */
		582ACDA424BE8AA5008E357D /* Sources */ = {
			isa = PBXSourcesBuildPhase;
			buildActionMask = 2147483647;
			files = (
				582ACDDC24BE8C95008E357D /* ViewController.swift in Sources */,
				582ACDAC24BE8AA5008E357D /* AppDelegate.swift in Sources */,
				582ACDAE24BE8AA5008E357D /* SceneDelegate.swift in Sources */,
			);
			runOnlyForDeploymentPostprocessing = 0;
		};
		582ACDBA24BE8AA9008E357D /* Sources */ = {
			isa = PBXSourcesBuildPhase;
			buildActionMask = 2147483647;
			files = (
				582ACDC324BE8AA9008E357D /* MQTTpalTests.swift in Sources */,
			);
			runOnlyForDeploymentPostprocessing = 0;
		};
		582ACDC524BE8AAA008E357D /* Sources */ = {
			isa = PBXSourcesBuildPhase;
			buildActionMask = 2147483647;
			files = (
				582ACDCE24BE8AAA008E357D /* MQTTpalUITests.swift in Sources */,
			);
			runOnlyForDeploymentPostprocessing = 0;
		};
/* End PBXSourcesBuildPhase section */

/* Begin PBXTargetDependency section */
		582ACDC024BE8AA9008E357D /* PBXTargetDependency */ = {
			isa = PBXTargetDependency;
			target = 582ACDA724BE8AA5008E357D /* MQTTpal */;
			targetProxy = 582ACDBF24BE8AA9008E357D /* PBXContainerItemProxy */;
		};
		582ACDCB24BE8AAA008E357D /* PBXTargetDependency */ = {
			isa = PBXTargetDependency;
			target = 582ACDA724BE8AA5008E357D /* MQTTpal */;
			targetProxy = 582ACDCA24BE8AAA008E357D /* PBXContainerItemProxy */;
		};
/* End PBXTargetDependency section */

/* Begin PBXVariantGroup section */
		582ACDB624BE8AA9008E357D /* LaunchScreen.storyboard */ = {
			isa = PBXVariantGroup;
			children = (
				582ACDB724BE8AA9008E357D /* Base */,
			);
			name = LaunchScreen.storyboard;
			sourceTree = "<group>";
		};
/* End PBXVariantGroup section */

/* Begin XCBuildConfiguration section */
		582ACDD024BE8AAA008E357D /* Debug */ = {
			isa = XCBuildConfiguration;
			buildSettings = {
				ALWAYS_SEARCH_USER_PATHS = NO;
				CLANG_ANALYZER_NONNULL = YES;
				CLANG_ANALYZER_NUMBER_OBJECT_CONVERSION = YES_AGGRESSIVE;
				CLANG_CXX_LANGUAGE_STANDARD = "gnu++14";
				CLANG_CXX_LIBRARY = "libc++";
				CLANG_ENABLE_MODULES = YES;
				CLANG_ENABLE_OBJC_ARC = YES;
				CLANG_ENABLE_OBJC_WEAK = YES;
				CLANG_WARN_BLOCK_CAPTURE_AUTORELEASING = YES;
				CLANG_WARN_BOOL_CONVERSION = YES;
				CLANG_WARN_COMMA = YES;
				CLANG_WARN_CONSTANT_CONVERSION = YES;
				CLANG_WARN_DEPRECATED_OBJC_IMPLEMENTATIONS = YES;
				CLANG_WARN_DIRECT_OBJC_ISA_USAGE = YES_ERROR;
				CLANG_WARN_DOCUMENTATION_COMMENTS = YES;
				CLANG_WARN_EMPTY_BODY = YES;
				CLANG_WARN_ENUM_CONVERSION = YES;
				CLANG_WARN_INFINITE_RECURSION = YES;
				CLANG_WARN_INT_CONVERSION = YES;
				CLANG_WARN_NON_LITERAL_NULL_CONVERSION = YES;
				CLANG_WARN_OBJC_IMPLICIT_RETAIN_SELF = YES;
				CLANG_WARN_OBJC_LITERAL_CONVERSION = YES;
				CLANG_WARN_OBJC_ROOT_CLASS = YES_ERROR;
				CLANG_WARN_RANGE_LOOP_ANALYSIS = YES;
				CLANG_WARN_STRICT_PROTOTYPES = YES;
				CLANG_WARN_SUSPICIOUS_MOVE = YES;
				CLANG_WARN_UNGUARDED_AVAILABILITY = YES_AGGRESSIVE;
				CLANG_WARN_UNREACHABLE_CODE = YES;
				CLANG_WARN__DUPLICATE_METHOD_MATCH = YES;
				COPY_PHASE_STRIP = NO;
				DEBUG_INFORMATION_FORMAT = dwarf;
				ENABLE_STRICT_OBJC_MSGSEND = YES;
				ENABLE_TESTABILITY = YES;
				GCC_C_LANGUAGE_STANDARD = gnu11;
				GCC_DYNAMIC_NO_PIC = NO;
				GCC_NO_COMMON_BLOCKS = YES;
				GCC_OPTIMIZATION_LEVEL = 0;
				GCC_PREPROCESSOR_DEFINITIONS = (
					"DEBUG=1",
					"$(inherited)",
				);
				GCC_WARN_64_TO_32_BIT_CONVERSION = YES;
				GCC_WARN_ABOUT_RETURN_TYPE = YES_ERROR;
				GCC_WARN_UNDECLARED_SELECTOR = YES;
				GCC_WARN_UNINITIALIZED_AUTOS = YES_AGGRESSIVE;
				GCC_WARN_UNUSED_FUNCTION = YES;
				GCC_WARN_UNUSED_VARIABLE = YES;
				IPHONEOS_DEPLOYMENT_TARGET = 13.5;
				MTL_ENABLE_DEBUG_INFO = INCLUDE_SOURCE;
				MTL_FAST_MATH = YES;
				ONLY_ACTIVE_ARCH = YES;
				SDKROOT = iphoneos;
				SWIFT_ACTIVE_COMPILATION_CONDITIONS = DEBUG;
				SWIFT_OPTIMIZATION_LEVEL = "-Onone";
			};
			name = Debug;
		};
		582ACDD124BE8AAA008E357D /* Release */ = {
			isa = XCBuildConfiguration;
			buildSettings = {
				ALWAYS_SEARCH_USER_PATHS = NO;
				CLANG_ANALYZER_NONNULL = YES;
				CLANG_ANALYZER_NUMBER_OBJECT_CONVERSION = YES_AGGRESSIVE;
				CLANG_CXX_LANGUAGE_STANDARD = "gnu++14";
				CLANG_CXX_LIBRARY = "libc++";
				CLANG_ENABLE_MODULES = YES;
				CLANG_ENABLE_OBJC_ARC = YES;
				CLANG_ENABLE_OBJC_WEAK = YES;
				CLANG_WARN_BLOCK_CAPTURE_AUTORELEASING = YES;
				CLANG_WARN_BOOL_CONVERSION = YES;
				CLANG_WARN_COMMA = YES;
				CLANG_WARN_CONSTANT_CONVERSION = YES;
				CLANG_WARN_DEPRECATED_OBJC_IMPLEMENTATIONS = YES;
				CLANG_WARN_DIRECT_OBJC_ISA_USAGE = YES_ERROR;
				CLANG_WARN_DOCUMENTATION_COMMENTS = YES;
				CLANG_WARN_EMPTY_BODY = YES;
				CLANG_WARN_ENUM_CONVERSION = YES;
				CLANG_WARN_INFINITE_RECURSION = YES;
				CLANG_WARN_INT_CONVERSION = YES;
				CLANG_WARN_NON_LITERAL_NULL_CONVERSION = YES;
				CLANG_WARN_OBJC_IMPLICIT_RETAIN_SELF = YES;
				CLANG_WARN_OBJC_LITERAL_CONVERSION = YES;
				CLANG_WARN_OBJC_ROOT_CLASS = YES_ERROR;
				CLANG_WARN_RANGE_LOOP_ANALYSIS = YES;
				CLANG_WARN_STRICT_PROTOTYPES = YES;
				CLANG_WARN_SUSPICIOUS_MOVE = YES;
				CLANG_WARN_UNGUARDED_AVAILABILITY = YES_AGGRESSIVE;
				CLANG_WARN_UNREACHABLE_CODE = YES;
				CLANG_WARN__DUPLICATE_METHOD_MATCH = YES;
				COPY_PHASE_STRIP = NO;
				DEBUG_INFORMATION_FORMAT = "dwarf-with-dsym";
				ENABLE_NS_ASSERTIONS = NO;
				ENABLE_STRICT_OBJC_MSGSEND = YES;
				GCC_C_LANGUAGE_STANDARD = gnu11;
				GCC_NO_COMMON_BLOCKS = YES;
				GCC_WARN_64_TO_32_BIT_CONVERSION = YES;
				GCC_WARN_ABOUT_RETURN_TYPE = YES_ERROR;
				GCC_WARN_UNDECLARED_SELECTOR = YES;
				GCC_WARN_UNINITIALIZED_AUTOS = YES_AGGRESSIVE;
				GCC_WARN_UNUSED_FUNCTION = YES;
				GCC_WARN_UNUSED_VARIABLE = YES;
				IPHONEOS_DEPLOYMENT_TARGET = 13.5;
				MTL_ENABLE_DEBUG_INFO = NO;
				MTL_FAST_MATH = YES;
				SDKROOT = iphoneos;
				SWIFT_COMPILATION_MODE = wholemodule;
				SWIFT_OPTIMIZATION_LEVEL = "-O";
				VALIDATE_PRODUCT = YES;
			};
			name = Release;
		};
		582ACDD324BE8AAA008E357D /* Debug */ = {
			isa = XCBuildConfiguration;
			buildSettings = {
				ASSETCATALOG_COMPILER_APPICON_NAME = AppIcon;
				CODE_SIGN_STYLE = Automatic;
				DEVELOPMENT_ASSET_PATHS = "\"MQTTpal/Preview Content\"";
				DEVELOPMENT_TEAM = 57769CNU4F;
				ENABLE_PREVIEWS = YES;
				INFOPLIST_FILE = MQTTpal/Info.plist;
				IPHONEOS_DEPLOYMENT_TARGET = 12.0;
				LD_RUNPATH_SEARCH_PATHS = (
					"$(inherited)",
					"@executable_path/Frameworks",
				);
				PRODUCT_BUNDLE_IDENTIFIER = org.starks.MQTTpal;
				PRODUCT_NAME = "$(TARGET_NAME)";
				SWIFT_VERSION = 5.0;
				TARGETED_DEVICE_FAMILY = "1,2";
			};
			name = Debug;
		};
		582ACDD424BE8AAA008E357D /* Release */ = {
			isa = XCBuildConfiguration;
			buildSettings = {
				ASSETCATALOG_COMPILER_APPICON_NAME = AppIcon;
				CODE_SIGN_STYLE = Automatic;
				DEVELOPMENT_ASSET_PATHS = "\"MQTTpal/Preview Content\"";
				DEVELOPMENT_TEAM = 57769CNU4F;
				ENABLE_PREVIEWS = YES;
				INFOPLIST_FILE = MQTTpal/Info.plist;
				IPHONEOS_DEPLOYMENT_TARGET = 12.0;
				LD_RUNPATH_SEARCH_PATHS = (
					"$(inherited)",
					"@executable_path/Frameworks",
				);
				PRODUCT_BUNDLE_IDENTIFIER = org.starks.MQTTpal;
				PRODUCT_NAME = "$(TARGET_NAME)";
				SWIFT_VERSION = 5.0;
				TARGETED_DEVICE_FAMILY = "1,2";
			};
			name = Release;
		};
		582ACDD624BE8AAA008E357D /* Debug */ = {
			isa = XCBuildConfiguration;
			buildSettings = {
				ALWAYS_EMBED_SWIFT_STANDARD_LIBRARIES = YES;
				BUNDLE_LOADER = "$(TEST_HOST)";
				CODE_SIGN_STYLE = Automatic;
				DEVELOPMENT_TEAM = 57769CNU4F;
				INFOPLIST_FILE = MQTTpalTests/Info.plist;
				IPHONEOS_DEPLOYMENT_TARGET = 13.5;
				LD_RUNPATH_SEARCH_PATHS = (
					"$(inherited)",
					"@executable_path/Frameworks",
					"@loader_path/Frameworks",
				);
				PRODUCT_BUNDLE_IDENTIFIER = org.starks.MQTTpalTests;
				PRODUCT_NAME = "$(TARGET_NAME)";
				SWIFT_VERSION = 5.0;
				TARGETED_DEVICE_FAMILY = "1,2";
				TEST_HOST = "$(BUILT_PRODUCTS_DIR)/MQTTpal.app/MQTTpal";
			};
			name = Debug;
		};
		582ACDD724BE8AAA008E357D /* Release */ = {
			isa = XCBuildConfiguration;
			buildSettings = {
				ALWAYS_EMBED_SWIFT_STANDARD_LIBRARIES = YES;
				BUNDLE_LOADER = "$(TEST_HOST)";
				CODE_SIGN_STYLE = Automatic;
				DEVELOPMENT_TEAM = 57769CNU4F;
				INFOPLIST_FILE = MQTTpalTests/Info.plist;
				IPHONEOS_DEPLOYMENT_TARGET = 13.5;
				LD_RUNPATH_SEARCH_PATHS = (
					"$(inherited)",
					"@executable_path/Frameworks",
					"@loader_path/Frameworks",
				);
				PRODUCT_BUNDLE_IDENTIFIER = org.starks.MQTTpalTests;
				PRODUCT_NAME = "$(TARGET_NAME)";
				SWIFT_VERSION = 5.0;
				TARGETED_DEVICE_FAMILY = "1,2";
				TEST_HOST = "$(BUILT_PRODUCTS_DIR)/MQTTpal.app/MQTTpal";
			};
			name = Release;
		};
		582ACDD924BE8AAA008E357D /* Debug */ = {
			isa = XCBuildConfiguration;
			buildSettings = {
				ALWAYS_EMBED_SWIFT_STANDARD_LIBRARIES = YES;
				CODE_SIGN_STYLE = Automatic;
				DEVELOPMENT_TEAM = 57769CNU4F;
				INFOPLIST_FILE = MQTTpalUITests/Info.plist;
				LD_RUNPATH_SEARCH_PATHS = (
					"$(inherited)",
					"@executable_path/Frameworks",
					"@loader_path/Frameworks",
				);
				PRODUCT_BUNDLE_IDENTIFIER = org.starks.MQTTpalUITests;
				PRODUCT_NAME = "$(TARGET_NAME)";
				SWIFT_VERSION = 5.0;
				TARGETED_DEVICE_FAMILY = "1,2";
				TEST_TARGET_NAME = MQTTpal;
			};
			name = Debug;
		};
		582ACDDA24BE8AAA008E357D /* Release */ = {
			isa = XCBuildConfiguration;
			buildSettings = {
				ALWAYS_EMBED_SWIFT_STANDARD_LIBRARIES = YES;
				CODE_SIGN_STYLE = Automatic;
				DEVELOPMENT_TEAM = 57769CNU4F;
				INFOPLIST_FILE = MQTTpalUITests/Info.plist;
				LD_RUNPATH_SEARCH_PATHS = (
					"$(inherited)",
					"@executable_path/Frameworks",
					"@loader_path/Frameworks",
				);
				PRODUCT_BUNDLE_IDENTIFIER = org.starks.MQTTpalUITests;
				PRODUCT_NAME = "$(TARGET_NAME)";
				SWIFT_VERSION = 5.0;
				TARGETED_DEVICE_FAMILY = "1,2";
				TEST_TARGET_NAME = MQTTpal;
			};
			name = Release;
		};
/* End XCBuildConfiguration section */

/* Begin XCConfigurationList section */
		582ACDA324BE8AA5008E357D /* Build configuration list for PBXProject "MQTTpal" */ = {
			isa = XCConfigurationList;
			buildConfigurations = (
				582ACDD024BE8AAA008E357D /* Debug */,
				582ACDD124BE8AAA008E357D /* Release */,
			);
			defaultConfigurationIsVisible = 0;
			defaultConfigurationName = Release;
		};
		582ACDD224BE8AAA008E357D /* Build configuration list for PBXNativeTarget "MQTTpal" */ = {
			isa = XCConfigurationList;
			buildConfigurations = (
				582ACDD324BE8AAA008E357D /* Debug */,
				582ACDD424BE8AAA008E357D /* Release */,
			);
			defaultConfigurationIsVisible = 0;
			defaultConfigurationName = Release;
		};
		582ACDD524BE8AAA008E357D /* Build configuration list for PBXNativeTarget "MQTTpalTests" */ = {
			isa = XCConfigurationList;
			buildConfigurations = (
				582ACDD624BE8AAA008E357D /* Debug */,
				582ACDD724BE8AAA008E357D /* Release */,
			);
			defaultConfigurationIsVisible = 0;
			defaultConfigurationName = Release;
		};
		582ACDD824BE8AAA008E357D /* Build configuration list for PBXNativeTarget "MQTTpalUITests" */ = {
			isa = XCConfigurationList;
			buildConfigurations = (
				582ACDD924BE8AAA008E357D /* Debug */,
				582ACDDA24BE8AAA008E357D /* Release */,
			);
			defaultConfigurationIsVisible = 0;
			defaultConfigurationName = Release;
		};
/* End XCConfigurationList section */

/* Begin XCRemoteSwiftPackageReference section */
		582ACDDD24BE8D6D008E357D /* XCRemoteSwiftPackageReference "SwiftMQTT" */ = {
			isa = XCRemoteSwiftPackageReference;
			repositoryURL = "https://github.com/aciidb0mb3r/SwiftMQTT";
			requirement = {
				kind = upToNextMajorVersion;
				minimumVersion = 3.0.1;
			};
		};
/* End XCRemoteSwiftPackageReference section */

/* Begin XCSwiftPackageProductDependency section */
		582ACDDE24BE8D6D008E357D /* SwiftMQTT */ = {
			isa = XCSwiftPackageProductDependency;
			package = 582ACDDD24BE8D6D008E357D /* XCRemoteSwiftPackageReference "SwiftMQTT" */;
			productName = SwiftMQTT;
		};
/* End XCSwiftPackageProductDependency section */
	};
	rootObject = 582ACDA024BE8AA5008E357D /* Project object */;
}
